
Microsoft Visual Studio Solution File, Format Version 12.00
# Visual Studio Version 16
VisualStudioVersion = 16.0.30204.135
MinimumVisualStudioVersion = 10.0.40219.1
Project("{FAE04EC0-301F-11D3-BF4B-00C04F79EFBC}") = "Practice.Api", "Practice.Api\Practice.Api.csproj", "{21D5A1CF-B3F7-41A7-AFB0-E252F8B272E1}"
EndProject
Project("{FAE04EC0-301F-11D3-BF4B-00C04F79EFBC}") = "Practice.Web", "Practice.Web\Practice.Web.csproj", "{C6E080C7-3F81-4063-A0ED-F9D22C99014F}"
EndProject
Global
	GlobalSection(SolutionConfigurationPlatforms) = preSolution
		Debug|Any CPU = Debug|Any CPU
		Release|Any CPU = Release|Any CPU
	EndGlobalSection
	GlobalSection(ProjectConfigurationPlatforms) = postSolution
		{21D5A1CF-B3F7-41A7-AFB0-E252F8B272E1}.Debug|Any CPU.ActiveCfg = Debug|Any CPU
		{21D5A1CF-B3F7-41A7-AFB0-E252F8B272E1}.Debug|Any CPU.Build.0 = Debug|Any CPU
		{21D5A1CF-B3F7-41A7-AFB0-E252F8B272E1}.Release|Any CPU.ActiveCfg = Release|Any CPU
		{21D5A1CF-B3F7-41A7-AFB0-E252F8B272E1}.Release|Any CPU.Build.0 = Release|Any CPU
		{C6E080C7-3F81-4063-A0ED-F9D22C99014F}.Debug|Any CPU.ActiveCfg = Debug|Any CPU
		{C6E080C7-3F81-4063-A0ED-F9D22C99014F}.Debug|Any CPU.Build.0 = Debug|Any CPU
		{C6E080C7-3F81-4063-A0ED-F9D22C99014F}.Release|Any CPU.ActiveCfg = Release|Any CPU
		{C6E080C7-3F81-4063-A0ED-F9D22C99014F}.Release|Any CPU.Build.0 = Release|Any CPU
	EndGlobalSection
	GlobalSection(SolutionProperties) = preSolution
		HideSolutionNode = FALSE
	EndGlobalSection
	GlobalSection(ExtensibilityGlobals) = postSolution
		SolutionGuid = {E626A068-5218-4571-A92A-A6744BB34638}
	EndGlobalSection
EndGlobal
